
Microsoft Visual Studio Solution File, Format Version 11.00
# Visual Studio 2010
Project("{F184B08F-C81C-45F6-A57F-5ABD9991F28F}") = "TP1 Prog Log 1", "TP1 Prog Log 1\TP1 Prog Log 1.vbproj", "{E8E6B86A-7E07-4040-8CA8-25062DDC35BC}"
EndProject
Global
	GlobalSection(SolutionConfigurationPlatforms) = preSolution
		Debug|x86 = Debug|x86
		Release|x86 = Release|x86
	EndGlobalSection
	GlobalSection(ProjectConfigurationPlatforms) = postSolution
		{E8E6B86A-7E07-4040-8CA8-25062DDC35BC}.Debug|x86.ActiveCfg = Debug|x86
		{E8E6B86A-7E07-4040-8CA8-25062DDC35BC}.Debug|x86.Build.0 = Debug|x86
		{E8E6B86A-7E07-4040-8CA8-25062DDC35BC}.Release|x86.ActiveCfg = Release|x86
		{E8E6B86A-7E07-4040-8CA8-25062DDC35BC}.Release|x86.Build.0 = Release|x86
	EndGlobalSection
	GlobalSection(SolutionProperties) = preSolution
		HideSolutionNode = FALSE
	EndGlobalSection
EndGlobal
